
Microsoft Visual Studio Solution File, Format Version 12.00
Project("{FAE04EC0-301F-11D3-BF4B-00C04F79EFBC}") = "ConsoleApplication1", "ConsoleApplication1\ConsoleApplication1.csproj", "{BF17C248-CB25-4977-9368-BC76C516183C}"
EndProject
Project("{FAE04EC0-301F-11D3-BF4B-00C04F79EFBC}") = "ConsoleApplication2", "ConsoleApplication2\ConsoleApplication2.csproj", "{F2C48C59-939A-476B-9A88-FBB7564D3C94}"
EndProject
Project("{FAE04EC0-301F-11D3-BF4B-00C04F79EFBC}") = "ConsoleApplication3", "ConsoleApplication3\ConsoleApplication3.csproj", "{02B1707B-4B83-43EB-ABAE-6C79E99724E3}"
EndProject
Project("{FAE04EC0-301F-11D3-BF4B-00C04F79EFBC}") = "ConsoleApplication4", "ConsoleApplication4\ConsoleApplication4.csproj", "{576FB54D-18C5-422C-A196-3976B777E89E}"
EndProject
Project("{FAE04EC0-301F-11D3-BF4B-00C04F79EFBC}") = "ConsoleApplication5", "ConsoleApplication5\ConsoleApplication5.csproj", "{56A0AF78-D5D0-49B4-8F0C-40C686344703}"
EndProject
Global
	GlobalSection(SolutionConfigurationPlatforms) = preSolution
		Debug|Any CPU = Debug|Any CPU
		Release|Any CPU = Release|Any CPU
	EndGlobalSection
	GlobalSection(ProjectConfigurationPlatforms) = postSolution
		{BF17C248-CB25-4977-9368-BC76C516183C}.Debug|Any CPU.ActiveCfg = Debug|Any CPU
		{BF17C248-CB25-4977-9368-BC76C516183C}.Debug|Any CPU.Build.0 = Debug|Any CPU
		{BF17C248-CB25-4977-9368-BC76C516183C}.Release|Any CPU.ActiveCfg = Release|Any CPU
		{BF17C248-CB25-4977-9368-BC76C516183C}.Release|Any CPU.Build.0 = Release|Any CPU
		{F2C48C59-939A-476B-9A88-FBB7564D3C94}.Debug|Any CPU.ActiveCfg = Debug|Any CPU
		{F2C48C59-939A-476B-9A88-FBB7564D3C94}.Debug|Any CPU.Build.0 = Debug|Any CPU
		{F2C48C59-939A-476B-9A88-FBB7564D3C94}.Release|Any CPU.ActiveCfg = Release|Any CPU
		{F2C48C59-939A-476B-9A88-FBB7564D3C94}.Release|Any CPU.Build.0 = Release|Any CPU
		{02B1707B-4B83-43EB-ABAE-6C79E99724E3}.Debug|Any CPU.ActiveCfg = Debug|Any CPU
		{02B1707B-4B83-43EB-ABAE-6C79E99724E3}.Debug|Any CPU.Build.0 = Debug|Any CPU
		{02B1707B-4B83-43EB-ABAE-6C79E99724E3}.Release|Any CPU.ActiveCfg = Release|Any CPU
		{02B1707B-4B83-43EB-ABAE-6C79E99724E3}.Release|Any CPU.Build.0 = Release|Any CPU
		{576FB54D-18C5-422C-A196-3976B777E89E}.Debug|Any CPU.ActiveCfg = Debug|Any CPU
		{576FB54D-18C5-422C-A196-3976B777E89E}.Debug|Any CPU.Build.0 = Debug|Any CPU
		{576FB54D-18C5-422C-A196-3976B777E89E}.Release|Any CPU.ActiveCfg = Release|Any CPU
		{576FB54D-18C5-422C-A196-3976B777E89E}.Release|Any CPU.Build.0 = Release|Any CPU
		{56A0AF78-D5D0-49B4-8F0C-40C686344703}.Debug|Any CPU.ActiveCfg = Debug|Any CPU
		{56A0AF78-D5D0-49B4-8F0C-40C686344703}.Debug|Any CPU.Build.0 = Debug|Any CPU
		{56A0AF78-D5D0-49B4-8F0C-40C686344703}.Release|Any CPU.ActiveCfg = Release|Any CPU
		{56A0AF78-D5D0-49B4-8F0C-40C686344703}.Release|Any CPU.Build.0 = Release|Any CPU
	EndGlobalSection
EndGlobal
